PODS:
  - FontAwesome.swift (1.9.1)
  - TransitionableTab (0.2.0)

DEPENDENCIES:
  - FontAwesome.swift
  - TransitionableTab (~> 0.2.0)

SPEC REPOS:
  trunk:
    - FontAwesome.swift
    - TransitionableTab

SPEC CHECKSUMS:
  FontAwesome.swift: 6b52cb7be66eacd28cbfaa0ca7ffd0de4a186a1d
  TransitionableTab: 54a5d0af475033bdb83959fde4e5d6201af7e2ab

PODFILE CHECKSUM: ef325e4fe1ea681f0b004674e9981be78f78694e

COCOAPODS: 1.10.0
