PODS:
  - FontAwesome.swift (1.5.0)
  - TransitionableTab (0.2.0)

DEPENDENCIES:
  - FontAwesome.swift
  - TransitionableTab (~> 0.2.0)

SPEC REPOS:
  https://github.com/cocoapods/specs.git:
    - FontAwesome.swift
    - TransitionableTab

SPEC CHECKSUMS:
  FontAwesome.swift: 55291c7a334ffacf9b62793d27c14014ec09a11b
  TransitionableTab: 54a5d0af475033bdb83959fde4e5d6201af7e2ab

PODFILE CHECKSUM: ef325e4fe1ea681f0b004674e9981be78f78694e

COCOAPODS: 1.6.0
