PODS:
  - FontAwesome.swift (1.8.2)
  - TransitionableTab (0.2.0)

DEPENDENCIES:
  - FontAwesome.swift
  - TransitionableTab (~> 0.2.0)

SPEC REPOS:
  trunk:
    - FontAwesome.swift
    - TransitionableTab

SPEC CHECKSUMS:
  FontAwesome.swift: 7938d6a03113ff3f39001bde7f50be8a0903d605
  TransitionableTab: 54a5d0af475033bdb83959fde4e5d6201af7e2ab

PODFILE CHECKSUM: ef325e4fe1ea681f0b004674e9981be78f78694e

COCOAPODS: 1.8.4
