PODS:
  - ActiveLabel (1.1.0)
  - Alamofire (5.6.1)
  - AlamofireImage (4.2.0):
    - Alamofire (~> 5.4)
  - BTNavigationDropdownMenu (0.7)
  - Floaty (4.2.0)
  - FontAwesome.swift (1.9.1)
  - FSPagerView (0.8.3)
  - PromiseKit (6.17.1):
    - PromiseKit/CorePromise (= 6.17.1)
    - PromiseKit/Foundation (= 6.17.1)
    - PromiseKit/UIKit (= 6.17.1)
  - PromiseKit/CorePromise (6.17.1)
  - PromiseKit/Foundation (6.17.1):
    - PromiseKit/CorePromise
  - PromiseKit/UIKit (6.17.1):
    - PromiseKit/CorePromise
  - SVProgressHUD (2.2.5)
  - SwiftyJSON (5.0.1)
  - Toast-Swift (5.0.1)

DEPENDENCIES:
  - ActiveLabel
  - Alamofire
  - AlamofireImage
  - BTNavigationDropdownMenu
  - Floaty
  - FontAwesome.swift
  - FSPagerView
  - PromiseKit
  - SVProgressHUD
  - SwiftyJSON
  - Toast-Swift (~> 5.0.0)

SPEC REPOS:
  trunk:
    - ActiveLabel
    - Alamofire
    - AlamofireImage
    - BTNavigationDropdownMenu
    - Floaty
    - FontAwesome.swift
    - FSPagerView
    - PromiseKit
    - SVProgressHUD
    - SwiftyJSON
    - Toast-Swift

SPEC CHECKSUMS:
  ActiveLabel: 5e3f4de79a1952d4604b845a0610d4776e4b82b3
  Alamofire: 87bd8c952f9a4454320fce00d9cc3de57bcadaf5
  AlamofireImage: 34a2d90b0e5fe6a5605f85ae4b7b01e784c60192
  BTNavigationDropdownMenu: 57a72c74dc211db3564f5be168f4f7643491a7de
  Floaty: e2bd5a0f6f7f70899e26ff2da31081c8bee8d1b0
  FontAwesome.swift: 6b52cb7be66eacd28cbfaa0ca7ffd0de4a186a1d
  FSPagerView: 670405b2f18e2a87fa37f20b00de783e562c25a8
  PromiseKit: ee485df3d4dc570594d7e7aecae6352697dc6a4c
  SVProgressHUD: 1428aafac632c1f86f62aa4243ec12008d7a51d6
  SwiftyJSON: 2f33a42c6fbc52764d96f13368585094bfd8aa5e
  Toast-Swift: 9b6a70f28b3bf0b96c40d46c0c4b9d6639846711

PODFILE CHECKSUM: a57f42d4d1991786212c5f9ab2c40e2cb202817b

COCOAPODS: 1.10.1
