PODS:
  - ActiveLabel (1.0.1)
  - Alamofire (4.8.1)
  - AlamofireImage (3.5.0):
    - Alamofire (~> 4.8)
  - BTNavigationDropdownMenu (0.5)
  - Floaty (4.1.0)
  - FontAwesome.swift (1.5.0)
  - FSPagerView (0.8.2)
  - PromiseKit (6.8.3):
    - PromiseKit/CorePromise (= 6.8.3)
    - PromiseKit/Foundation (= 6.8.3)
    - PromiseKit/UIKit (= 6.8.3)
  - PromiseKit/CorePromise (6.8.3)
  - PromiseKit/Foundation (6.8.3):
    - PromiseKit/CorePromise
  - PromiseKit/UIKit (6.8.3):
    - PromiseKit/CorePromise
  - SVProgressHUD (2.2.5)
  - SwiftyJSON (4.2.0)
  - Toast-Swift (4.0.1)
  - WaterfallLayout (0.2)

DEPENDENCIES:
  - ActiveLabel
  - Alamofire
  - AlamofireImage
  - BTNavigationDropdownMenu
  - Floaty
  - FontAwesome.swift
  - FSPagerView
  - PromiseKit
  - SVProgressHUD
  - SwiftyJSON
  - Toast-Swift (~> 4.0.0)
  - WaterfallLayout (~> 0.1)

SPEC REPOS:
  https://github.com/cocoapods/specs.git:
    - ActiveLabel
    - Alamofire
    - AlamofireImage
    - BTNavigationDropdownMenu
    - Floaty
    - FontAwesome.swift
    - FSPagerView
    - PromiseKit
    - SVProgressHUD
    - SwiftyJSON
    - Toast-Swift
    - WaterfallLayout

SPEC CHECKSUMS:
  ActiveLabel: b8b2396fe25308d563601437d6605bf691c3b5db
  Alamofire: 16ce2c353fb72865124ddae8a57c5942388f4f11
  AlamofireImage: 1aea346f4dda2f6c67622fa5a89fcbb80d79cc16
  BTNavigationDropdownMenu: ba3a26fdb6a56c4721c31df8a0875106c259663a
  Floaty: 1a4e213f3512cf3045ef9cb0c1ff456226d1f66a
  FontAwesome.swift: 55291c7a334ffacf9b62793d27c14014ec09a11b
  FSPagerView: 816a18842306973cc7cc6df8a5332272f7815c30
  PromiseKit: 94c6e781838c5bf4717677d0d882b0e7250c80fc
  SVProgressHUD: 1428aafac632c1f86f62aa4243ec12008d7a51d6
  SwiftyJSON: c4bcba26dd9ec7a027fc8eade48e2c911f229e96
  Toast-Swift: e42a638589a2f95036b4bb7626cfbdde7daf0393
  WaterfallLayout: 030e04b041e5c6c47ae2c1eaa685c60289fab0b1

PODFILE CHECKSUM: 0bbfb77bbc92622604d65433c3d395e3c352a89a

COCOAPODS: 1.6.0
