// !$*UTF8*$!
{
	archiveVersion = 1;
	classes = {
	};
	objectVersion = 50;
	objects = {

/* Begin PBXBuildFile section */
		DE12ED4722101CAC008DFBFB /* AppDelegate.swift in Sources */ = {isa = PBXBuildFile; fileRef = DE12ED4622101CAC008DFBFB /* AppDelegate.swift */; };
		DE12ED4922101CAC008DFBFB /* ViewController.swift in Sources */ = {isa = PBXBuildFile; fileRef = DE12ED4822101CAC008DFBFB /* ViewController.swift */; };
		DE12ED4C22101CAC008DFBFB /* Main.storyboard in Resources */ = {isa = PBXBuildFile; fileRef = DE12ED4A22101CAC008DFBFB /* Main.storyboard */; };
		DE12ED4E22101CAD008DFBFB /* Assets.xcassets in Resources */ = {isa = PBXBuildFile; fileRef = DE12ED4D22101CAD008DFBFB /* Assets.xcassets */; };
		DE12ED5122101CAD008DFBFB /* LaunchScreen.storyboard in Resources */ = {isa = PBXBuildFile; fileRef = DE12ED4F22101CAD008DFBFB /* LaunchScreen.storyboard */; };
		DE12ED5C22101CAE008DFBFB /* ScrollingTabAnimationContentsTests.swift in Sources */ = {isa = PBXBuildFile; fileRef = DE12ED5B22101CAE008DFBFB /* ScrollingTabAnimationContentsTests.swift */; };
		DE12ED6722101CAE008DFBFB /* ScrollingTabAnimationContentsUITests.swift in Sources */ = {isa = PBXBuildFile; fileRef = DE12ED6622101CAE008DFBFB /* ScrollingTabAnimationContentsUITests.swift */; };
/* End PBXBuildFile section */

/* Begin PBXContainerItemProxy section */
		DE12ED5822101CAE008DFBFB /* PBXContainerItemProxy */ = {
			isa = PBXContainerItemProxy;
			containerPortal = DE12ED3B22101CAC008DFBFB /* Project object */;
			proxyType = 1;
			remoteGlobalIDString = DE12ED4222101CAC008DFBFB;
			remoteInfo = ScrollingTabAnimationContents;
		};
		DE12ED6322101CAE008DFBFB /* PBXContainerItemProxy */ = {
			isa = PBXContainerItemProxy;
			containerPortal = DE12ED3B22101CAC008DFBFB /* Project object */;
			proxyType = 1;
			remoteGlobalIDString = DE12ED4222101CAC008DFBFB;
			remoteInfo = ScrollingTabAnimationContents;
		};
/* End PBXContainerItemProxy section */

/* Begin PBXFileReference section */
		DE12ED4322101CAC008DFBFB /* ScrollingTabAnimationContents.app */ = {isa = PBXFileReference; explicitFileType = wrapper.application; includeInIndex = 0; path = ScrollingTabAnimationContents.app; sourceTree = BUILT_PRODUCTS_DIR; };
		DE12ED4622101CAC008DFBFB /* AppDelegate.swift */ = {isa = PBXFileReference; lastKnownFileType = sourcecode.swift; path = AppDelegate.swift; sourceTree = "<group>"; };
		DE12ED4822101CAC008DFBFB /* ViewController.swift */ = {isa = PBXFileReference; lastKnownFileType = sourcecode.swift; path = ViewController.swift; sourceTree = "<group>"; };
		DE12ED4B22101CAC008DFBFB /* Base */ = {isa = PBXFileReference; lastKnownFileType = file.storyboard; name = Base; path = Base.lproj/Main.storyboard; sourceTree = "<group>"; };
		DE12ED4D22101CAD008DFBFB /* Assets.xcassets */ = {isa = PBXFileReference; lastKnownFileType = folder.assetcatalog; path = Assets.xcassets; sourceTree = "<group>"; };
		DE12ED5022101CAD008DFBFB /* Base */ = {isa = PBXFileReference; lastKnownFileType = file.storyboard; name = Base; path = Base.lproj/LaunchScreen.storyboard; sourceTree = "<group>"; };
		DE12ED5222101CAD008DFBFB /* Info.plist */ = {isa = PBXFileReference; lastKnownFileType = text.plist.xml; path = Info.plist; sourceTree = "<group>"; };
		DE12ED5722101CAE008DFBFB /* ScrollingTabAnimationContentsTests.xctest */ = {isa = PBXFileReference; explicitFileType = wrapper.cfbundle; includeInIndex = 0; path = ScrollingTabAnimationContentsTests.xctest; sourceTree = BUILT_PRODUCTS_DIR; };
		DE12ED5B22101CAE008DFBFB /* ScrollingTabAnimationContentsTests.swift */ = {isa = PBXFileReference; lastKnownFileType = sourcecode.swift; path = ScrollingTabAnimationContentsTests.swift; sourceTree = "<group>"; };
		DE12ED5D22101CAE008DFBFB /* Info.plist */ = {isa = PBXFileReference; lastKnownFileType = text.plist.xml; path = Info.plist; sourceTree = "<group>"; };
		DE12ED6222101CAE008DFBFB /* ScrollingTabAnimationContentsUITests.xctest */ = {isa = PBXFileReference; explicitFileType = wrapper.cfbundle; includeInIndex = 0; path = ScrollingTabAnimationContentsUITests.xctest; sourceTree = BUILT_PRODUCTS_DIR; };
		DE12ED6622101CAE008DFBFB /* ScrollingTabAnimationContentsUITests.swift */ = {isa = PBXFileReference; lastKnownFileType = sourcecode.swift; path = ScrollingTabAnimationContentsUITests.swift; sourceTree = "<group>"; };
		DE12ED6822101CAE008DFBFB /* Info.plist */ = {isa = PBXFileReference; lastKnownFileType = text.plist.xml; path = Info.plist; sourceTree = "<group>"; };
/* End PBXFileReference section */

/* Begin PBXFrameworksBuildPhase section */
		DE12ED4022101CAC008DFBFB /* Frameworks */ = {
			isa = PBXFrameworksBuildPhase;
			buildActionMask = 2147483647;
			files = (
			);
			runOnlyForDeploymentPostprocessing = 0;
		};
		DE12ED5422101CAE008DFBFB /* Frameworks */ = {
			isa = PBXFrameworksBuildPhase;
			buildActionMask = 2147483647;
			files = (
			);
			runOnlyForDeploymentPostprocessing = 0;
		};
		DE12ED5F22101CAE008DFBFB /* Frameworks */ = {
			isa = PBXFrameworksBuildPhase;
			buildActionMask = 2147483647;
			files = (
			);
			runOnlyForDeploymentPostprocessing = 0;
		};
/* End PBXFrameworksBuildPhase section */

/* Begin PBXGroup section */
		DE12ED3A22101CAC008DFBFB = {
			isa = PBXGroup;
			children = (
				DE12ED4522101CAC008DFBFB /* ScrollingTabAnimationContents */,
				DE12ED5A22101CAE008DFBFB /* ScrollingTabAnimationContentsTests */,
				DE12ED6522101CAE008DFBFB /* ScrollingTabAnimationContentsUITests */,
				DE12ED4422101CAC008DFBFB /* Products */,
			);
			sourceTree = "<group>";
		};
		DE12ED4422101CAC008DFBFB /* Products */ = {
			isa = PBXGroup;
			children = (
				DE12ED4322101CAC008DFBFB /* ScrollingTabAnimationContents.app */,
				DE12ED5722101CAE008DFBFB /* ScrollingTabAnimationContentsTests.xctest */,
				DE12ED6222101CAE008DFBFB /* ScrollingTabAnimationContentsUITests.xctest */,
			);
			name = Products;
			sourceTree = "<group>";
		};
		DE12ED4522101CAC008DFBFB /* ScrollingTabAnimationContents */ = {
			isa = PBXGroup;
			children = (
				DE12ED4622101CAC008DFBFB /* AppDelegate.swift */,
				DE12ED4822101CAC008DFBFB /* ViewController.swift */,
				DE12ED4A22101CAC008DFBFB /* Main.storyboard */,
				DE12ED4D22101CAD008DFBFB /* Assets.xcassets */,
				DE12ED4F22101CAD008DFBFB /* LaunchScreen.storyboard */,
				DE12ED5222101CAD008DFBFB /* Info.plist */,
			);
			path = ScrollingTabAnimationContents;
			sourceTree = "<group>";
		};
		DE12ED5A22101CAE008DFBFB /* ScrollingTabAnimationContentsTests */ = {
			isa = PBXGroup;
			children = (
				DE12ED5B22101CAE008DFBFB /* ScrollingTabAnimationContentsTests.swift */,
				DE12ED5D22101CAE008DFBFB /* Info.plist */,
			);
			path = ScrollingTabAnimationContentsTests;
			sourceTree = "<group>";
		};
		DE12ED6522101CAE008DFBFB /* ScrollingTabAnimationContentsUITests */ = {
			isa = PBXGroup;
			children = (
				DE12ED6622101CAE008DFBFB /* ScrollingTabAnimationContentsUITests.swift */,
				DE12ED6822101CAE008DFBFB /* Info.plist */,
			);
			path = ScrollingTabAnimationContentsUITests;
			sourceTree = "<group>";
		};
/* End PBXGroup section */

/* Begin PBXNativeTarget section */
		DE12ED4222101CAC008DFBFB /* ScrollingTabAnimationContents */ = {
			isa = PBXNativeTarget;
			buildConfigurationList = DE12ED6B22101CAE008DFBFB /* Build configuration list for PBXNativeTarget "ScrollingTabAnimationContents" */;
			buildPhases = (
				DE12ED3F22101CAC008DFBFB /* Sources */,
				DE12ED4022101CAC008DFBFB /* Frameworks */,
				DE12ED4122101CAC008DFBFB /* Resources */,
			);
			buildRules = (
			);
			dependencies = (
			);
			name = ScrollingTabAnimationContents;
			productName = ScrollingTabAnimationContents;
			productReference = DE12ED4322101CAC008DFBFB /* ScrollingTabAnimationContents.app */;
			productType = "com.apple.product-type.application";
		};
		DE12ED5622101CAE008DFBFB /* ScrollingTabAnimationContentsTests */ = {
			isa = PBXNativeTarget;
			buildConfigurationList = DE12ED6E22101CAE008DFBFB /* Build configuration list for PBXNativeTarget "ScrollingTabAnimationContentsTests" */;
			buildPhases = (
				DE12ED5322101CAE008DFBFB /* Sources */,
				DE12ED5422101CAE008DFBFB /* Frameworks */,
				DE12ED5522101CAE008DFBFB /* Resources */,
			);
			buildRules = (
			);
			dependencies = (
				DE12ED5922101CAE008DFBFB /* PBXTargetDependency */,
			);
			name = ScrollingTabAnimationContentsTests;
			productName = ScrollingTabAnimationContentsTests;
			productReference = DE12ED5722101CAE008DFBFB /* ScrollingTabAnimationContentsTests.xctest */;
			productType = "com.apple.product-type.bundle.unit-test";
		};
		DE12ED6122101CAE008DFBFB /* ScrollingTabAnimationContentsUITests */ = {
			isa = PBXNativeTarget;
			buildConfigurationList = DE12ED7122101CAE008DFBFB /* Build configuration list for PBXNativeTarget "ScrollingTabAnimationContentsUITests" */;
			buildPhases = (
				DE12ED5E22101CAE008DFBFB /* Sources */,
				DE12ED5F22101CAE008DFBFB /* Frameworks */,
				DE12ED6022101CAE008DFBFB /* Resources */,
			);
			buildRules = (
			);
			dependencies = (
				DE12ED6422101CAE008DFBFB /* PBXTargetDependency */,
			);
			name = ScrollingTabAnimationContentsUITests;
			productName = ScrollingTabAnimationContentsUITests;
			productReference = DE12ED6222101CAE008DFBFB /* ScrollingTabAnimationContentsUITests.xctest */;
			productType = "com.apple.product-type.bundle.ui-testing";
		};
/* End PBXNativeTarget section */

/* Begin PBXProject section */
		DE12ED3B22101CAC008DFBFB /* Project object */ = {
			isa = PBXProject;
			attributes = {
				LastSwiftUpdateCheck = 1010;
				LastUpgradeCheck = 1010;
				ORGANIZATIONNAME = "酒井文也";
				TargetAttributes = {
					DE12ED4222101CAC008DFBFB = {
						CreatedOnToolsVersion = 10.1;
					};
					DE12ED5622101CAE008DFBFB = {
						CreatedOnToolsVersion = 10.1;
						TestTargetID = DE12ED4222101CAC008DFBFB;
					};
					DE12ED6122101CAE008DFBFB = {
						CreatedOnToolsVersion = 10.1;
						TestTargetID = DE12ED4222101CAC008DFBFB;
					};
				};
			};
			buildConfigurationList = DE12ED3E22101CAC008DFBFB /* Build configuration list for PBXProject "ScrollingTabAnimationContents" */;
			compatibilityVersion = "Xcode 9.3";
			developmentRegion = en;
			hasScannedForEncodings = 0;
			knownRegions = (
				en,
				Base,
			);
			mainGroup = DE12ED3A22101CAC008DFBFB;
			productRefGroup = DE12ED4422101CAC008DFBFB /* Products */;
			projectDirPath = "";
			projectRoot = "";
			targets = (
				DE12ED4222101CAC008DFBFB /* ScrollingTabAnimationContents */,
				DE12ED5622101CAE008DFBFB /* ScrollingTabAnimationContentsTests */,
				DE12ED6122101CAE008DFBFB /* ScrollingTabAnimationContentsUITests */,
			);
		};
/* End PBXProject section */

/* Begin PBXResourcesBuildPhase section */
		DE12ED4122101CAC008DFBFB /* Resources */ = {
			isa = PBXResourcesBuildPhase;
			buildActionMask = 2147483647;
			files = (
				DE12ED5122101CAD008DFBFB /* LaunchScreen.storyboard in Resources */,
				DE12ED4E22101CAD008DFBFB /* Assets.xcassets in Resources */,
				DE12ED4C22101CAC008DFBFB /* Main.storyboard in Resources */,
			);
			runOnlyForDeploymentPostprocessing = 0;
		};
		DE12ED5522101CAE008DFBFB /* Resources */ = {
			isa = PBXResourcesBuildPhase;
			buildActionMask = 2147483647;
			files = (
			);
			runOnlyForDeploymentPostprocessing = 0;
		};
		DE12ED6022101CAE008DFBFB /* Resources */ = {
			isa = PBXResourcesBuildPhase;
			buildActionMask = 2147483647;
			files = (
			);
			runOnlyForDeploymentPostprocessing = 0;
		};
/* End PBXResourcesBuildPhase section */

/* Begin PBXSourcesBuildPhase section */
		DE12ED3F22101CAC008DFBFB /* Sources */ = {
			isa = PBXSourcesBuildPhase;
			buildActionMask = 2147483647;
			files = (
				DE12ED4922101CAC008DFBFB /* ViewController.swift in Sources */,
				DE12ED4722101CAC008DFBFB /* AppDelegate.swift in Sources */,
			);
			runOnlyForDeploymentPostprocessing = 0;
		};
		DE12ED5322101CAE008DFBFB /* Sources */ = {
			isa = PBXSourcesBuildPhase;
			buildActionMask = 2147483647;
			files = (
				DE12ED5C22101CAE008DFBFB /* ScrollingTabAnimationContentsTests.swift in Sources */,
			);
			runOnlyForDeploymentPostprocessing = 0;
		};
		DE12ED5E22101CAE008DFBFB /* Sources */ = {
			isa = PBXSourcesBuildPhase;
			buildActionMask = 2147483647;
			files = (
				DE12ED6722101CAE008DFBFB /* ScrollingTabAnimationContentsUITests.swift in Sources */,
			);
			runOnlyForDeploymentPostprocessing = 0;
		};
/* End PBXSourcesBuildPhase section */

/* Begin PBXTargetDependency section */
		DE12ED5922101CAE008DFBFB /* PBXTargetDependency */ = {
			isa = PBXTargetDependency;
			target = DE12ED4222101CAC008DFBFB /* ScrollingTabAnimationContents */;
			targetProxy = DE12ED5822101CAE008DFBFB /* PBXContainerItemProxy */;
		};
		DE12ED6422101CAE008DFBFB /* PBXTargetDependency */ = {
			isa = PBXTargetDependency;
			target = DE12ED4222101CAC008DFBFB /* ScrollingTabAnimationContents */;
			targetProxy = DE12ED6322101CAE008DFBFB /* PBXContainerItemProxy */;
		};
/* End PBXTargetDependency section */

/* Begin PBXVariantGroup section */
		DE12ED4A22101CAC008DFBFB /* Main.storyboard */ = {
			isa = PBXVariantGroup;
			children = (
				DE12ED4B22101CAC008DFBFB /* Base */,
			);
			name = Main.storyboard;
			sourceTree = "<group>";
		};
		DE12ED4F22101CAD008DFBFB /* LaunchScreen.storyboard */ = {
			isa = PBXVariantGroup;
			children = (
				DE12ED5022101CAD008DFBFB /* Base */,
			);
			name = LaunchScreen.storyboard;
			sourceTree = "<group>";
		};
/* End PBXVariantGroup section */

/* Begin XCBuildConfiguration section */
		DE12ED6922101CAE008DFBFB /* Debug */ = {
			isa = XCBuildConfiguration;
			buildSettings = {
				ALWAYS_SEARCH_USER_PATHS = NO;
				CLANG_ANALYZER_NONNULL = YES;
				CLANG_ANALYZER_NUMBER_OBJECT_CONVERSION = YES_AGGRESSIVE;
				CLANG_CXX_LANGUAGE_STANDARD = "gnu++14";
				CLANG_CXX_LIBRARY = "libc++";
				CLANG_ENABLE_MODULES = YES;
				CLANG_ENABLE_OBJC_ARC = YES;
				CLANG_ENABLE_OBJC_WEAK = YES;
				CLANG_WARN_BLOCK_CAPTURE_AUTORELEASING = YES;
				CLANG_WARN_BOOL_CONVERSION = YES;
				CLANG_WARN_COMMA = YES;
				CLANG_WARN_CONSTANT_CONVERSION = YES;
				CLANG_WARN_DEPRECATED_OBJC_IMPLEMENTATIONS = YES;
				CLANG_WARN_DIRECT_OBJC_ISA_USAGE = YES_ERROR;
				CLANG_WARN_DOCUMENTATION_COMMENTS = YES;
				CLANG_WARN_EMPTY_BODY = YES;
				CLANG_WARN_ENUM_CONVERSION = YES;
				CLANG_WARN_INFINITE_RECURSION = YES;
				CLANG_WARN_INT_CONVERSION = YES;
				CLANG_WARN_NON_LITERAL_NULL_CONVERSION = YES;
				CLANG_WARN_OBJC_IMPLICIT_RETAIN_SELF = YES;
				CLANG_WARN_OBJC_LITERAL_CONVERSION = YES;
				CLANG_WARN_OBJC_ROOT_CLASS = YES_ERROR;
				CLANG_WARN_RANGE_LOOP_ANALYSIS = YES;
				CLANG_WARN_STRICT_PROTOTYPES = YES;
				CLANG_WARN_SUSPICIOUS_MOVE = YES;
				CLANG_WARN_UNGUARDED_AVAILABILITY = YES_AGGRESSIVE;
				CLANG_WARN_UNREACHABLE_CODE = YES;
				CLANG_WARN__DUPLICATE_METHOD_MATCH = YES;
				CODE_SIGN_IDENTITY = "iPhone Developer";
				COPY_PHASE_STRIP = NO;
				DEBUG_INFORMATION_FORMAT = dwarf;
				ENABLE_STRICT_OBJC_MSGSEND = YES;
				ENABLE_TESTABILITY = YES;
				GCC_C_LANGUAGE_STANDARD = gnu11;
				GCC_DYNAMIC_NO_PIC = NO;
				GCC_NO_COMMON_BLOCKS = YES;
				GCC_OPTIMIZATION_LEVEL = 0;
				GCC_PREPROCESSOR_DEFINITIONS = (
					"DEBUG=1",
					"$(inherited)",
				);
				GCC_WARN_64_TO_32_BIT_CONVERSION = YES;
				GCC_WARN_ABOUT_RETURN_TYPE = YES_ERROR;
				GCC_WARN_UNDECLARED_SELECTOR = YES;
				GCC_WARN_UNINITIALIZED_AUTOS = YES_AGGRESSIVE;
				GCC_WARN_UNUSED_FUNCTION = YES;
				GCC_WARN_UNUSED_VARIABLE = YES;
				IPHONEOS_DEPLOYMENT_TARGET = 12.1;
				MTL_ENABLE_DEBUG_INFO = INCLUDE_SOURCE;
				MTL_FAST_MATH = YES;
				ONLY_ACTIVE_ARCH = YES;
				SDKROOT = iphoneos;
				SWIFT_ACTIVE_COMPILATION_CONDITIONS = DEBUG;
				SWIFT_OPTIMIZATION_LEVEL = "-Onone";
			};
			name = Debug;
		};
		DE12ED6A22101CAE008DFBFB /* Release */ = {
			isa = XCBuildConfiguration;
			buildSettings = {
				ALWAYS_SEARCH_USER_PATHS = NO;
				CLANG_ANALYZER_NONNULL = YES;
				CLANG_ANALYZER_NUMBER_OBJECT_CONVERSION = YES_AGGRESSIVE;
				CLANG_CXX_LANGUAGE_STANDARD = "gnu++14";
				CLANG_CXX_LIBRARY = "libc++";
				CLANG_ENABLE_MODULES = YES;
				CLANG_ENABLE_OBJC_ARC = YES;
				CLANG_ENABLE_OBJC_WEAK = YES;
				CLANG_WARN_BLOCK_CAPTURE_AUTORELEASING = YES;
				CLANG_WARN_BOOL_CONVERSION = YES;
				CLANG_WARN_COMMA = YES;
				CLANG_WARN_CONSTANT_CONVERSION = YES;
				CLANG_WARN_DEPRECATED_OBJC_IMPLEMENTATIONS = YES;
				CLANG_WARN_DIRECT_OBJC_ISA_USAGE = YES_ERROR;
				CLANG_WARN_DOCUMENTATION_COMMENTS = YES;
				CLANG_WARN_EMPTY_BODY = YES;
				CLANG_WARN_ENUM_CONVERSION = YES;
				CLANG_WARN_INFINITE_RECURSION = YES;
				CLANG_WARN_INT_CONVERSION = YES;
				CLANG_WARN_NON_LITERAL_NULL_CONVERSION = YES;
				CLANG_WARN_OBJC_IMPLICIT_RETAIN_SELF = YES;
				CLANG_WARN_OBJC_LITERAL_CONVERSION = YES;
				CLANG_WARN_OBJC_ROOT_CLASS = YES_ERROR;
				CLANG_WARN_RANGE_LOOP_ANALYSIS = YES;
				CLANG_WARN_STRICT_PROTOTYPES = YES;
				CLANG_WARN_SUSPICIOUS_MOVE = YES;
				CLANG_WARN_UNGUARDED_AVAILABILITY = YES_AGGRESSIVE;
				CLANG_WARN_UNREACHABLE_CODE = YES;
				CLANG_WARN__DUPLICATE_METHOD_MATCH = YES;
				CODE_SIGN_IDENTITY = "iPhone Developer";
				COPY_PHASE_STRIP = NO;
				DEBUG_INFORMATION_FORMAT = "dwarf-with-dsym";
				ENABLE_NS_ASSERTIONS = NO;
				ENABLE_STRICT_OBJC_MSGSEND = YES;
				GCC_C_LANGUAGE_STANDARD = gnu11;
				GCC_NO_COMMON_BLOCKS = YES;
				GCC_WARN_64_TO_32_BIT_CONVERSION = YES;
				GCC_WARN_ABOUT_RETURN_TYPE = YES_ERROR;
				GCC_WARN_UNDECLARED_SELECTOR = YES;
				GCC_WARN_UNINITIALIZED_AUTOS = YES_AGGRESSIVE;
				GCC_WARN_UNUSED_FUNCTION = YES;
				GCC_WARN_UNUSED_VARIABLE = YES;
				IPHONEOS_DEPLOYMENT_TARGET = 12.1;
				MTL_ENABLE_DEBUG_INFO = NO;
				MTL_FAST_MATH = YES;
				SDKROOT = iphoneos;
				SWIFT_COMPILATION_MODE = wholemodule;
				SWIFT_OPTIMIZATION_LEVEL = "-O";
				VALIDATE_PRODUCT = YES;
			};
			name = Release;
		};
		DE12ED6C22101CAE008DFBFB /* Debug */ = {
			isa = XCBuildConfiguration;
			buildSettings = {
				ASSETCATALOG_COMPILER_APPICON_NAME = AppIcon;
				CODE_SIGN_STYLE = Automatic;
				DEVELOPMENT_TEAM = S5BF5553KY;
				INFOPLIST_FILE = ScrollingTabAnimationContents/Info.plist;
				LD_RUNPATH_SEARCH_PATHS = (
					"$(inherited)",
					"@executable_path/Frameworks",
				);
				PRODUCT_BUNDLE_IDENTIFIER = com.just1factory.ScrollingTabAnimationContents;
				PRODUCT_NAME = "$(TARGET_NAME)";
				SWIFT_VERSION = 4.2;
				TARGETED_DEVICE_FAMILY = "1,2";
			};
			name = Debug;
		};
		DE12ED6D22101CAE008DFBFB /* Release */ = {
			isa = XCBuildConfiguration;
			buildSettings = {
				ASSETCATALOG_COMPILER_APPICON_NAME = AppIcon;
				CODE_SIGN_STYLE = Automatic;
				DEVELOPMENT_TEAM = S5BF5553KY;
				INFOPLIST_FILE = ScrollingTabAnimationContents/Info.plist;
				LD_RUNPATH_SEARCH_PATHS = (
					"$(inherited)",
					"@executable_path/Frameworks",
				);
				PRODUCT_BUNDLE_IDENTIFIER = com.just1factory.ScrollingTabAnimationContents;
				PRODUCT_NAME = "$(TARGET_NAME)";
				SWIFT_VERSION = 4.2;
				TARGETED_DEVICE_FAMILY = "1,2";
			};
			name = Release;
		};
		DE12ED6F22101CAE008DFBFB /* Debug */ = {
			isa = XCBuildConfiguration;
			buildSettings = {
				ALWAYS_EMBED_SWIFT_STANDARD_LIBRARIES = YES;
				BUNDLE_LOADER = "$(TEST_HOST)";
				CODE_SIGN_STYLE = Automatic;
				DEVELOPMENT_TEAM = S5BF5553KY;
				INFOPLIST_FILE = ScrollingTabAnimationContentsTests/Info.plist;
				LD_RUNPATH_SEARCH_PATHS = (
					"$(inherited)",
					"@executable_path/Frameworks",
					"@loader_path/Frameworks",
				);
				PRODUCT_BUNDLE_IDENTIFIER = com.just1factory.ScrollingTabAnimationContentsTests;
				PRODUCT_NAME = "$(TARGET_NAME)";
				SWIFT_VERSION = 4.2;
				TARGETED_DEVICE_FAMILY = "1,2";
				TEST_HOST = "$(BUILT_PRODUCTS_DIR)/ScrollingTabAnimationContents.app/ScrollingTabAnimationContents";
			};
			name = Debug;
		};
		DE12ED7022101CAE008DFBFB /* Release */ = {
			isa = XCBuildConfiguration;
			buildSettings = {
				ALWAYS_EMBED_SWIFT_STANDARD_LIBRARIES = YES;
				BUNDLE_LOADER = "$(TEST_HOST)";
				CODE_SIGN_STYLE = Automatic;
				DEVELOPMENT_TEAM = S5BF5553KY;
				INFOPLIST_FILE = ScrollingTabAnimationContentsTests/Info.plist;
				LD_RUNPATH_SEARCH_PATHS = (
					"$(inherited)",
					"@executable_path/Frameworks",
					"@loader_path/Frameworks",
				);
				PRODUCT_BUNDLE_IDENTIFIER = com.just1factory.ScrollingTabAnimationContentsTests;
				PRODUCT_NAME = "$(TARGET_NAME)";
				SWIFT_VERSION = 4.2;
				TARGETED_DEVICE_FAMILY = "1,2";
				TEST_HOST = "$(BUILT_PRODUCTS_DIR)/ScrollingTabAnimationContents.app/ScrollingTabAnimationContents";
			};
			name = Release;
		};
		DE12ED7222101CAE008DFBFB /* Debug */ = {
			isa = XCBuildConfiguration;
			buildSettings = {
				ALWAYS_EMBED_SWIFT_STANDARD_LIBRARIES = YES;
				CODE_SIGN_STYLE = Automatic;
				DEVELOPMENT_TEAM = S5BF5553KY;
				INFOPLIST_FILE = ScrollingTabAnimationContentsUITests/Info.plist;
				LD_RUNPATH_SEARCH_PATHS = (
					"$(inherited)",
					"@executable_path/Frameworks",
					"@loader_path/Frameworks",
				);
				PRODUCT_BUNDLE_IDENTIFIER = com.just1factory.ScrollingTabAnimationContentsUITests;
				PRODUCT_NAME = "$(TARGET_NAME)";
				SWIFT_VERSION = 4.2;
				TARGETED_DEVICE_FAMILY = "1,2";
				TEST_TARGET_NAME = ScrollingTabAnimationContents;
			};
			name = Debug;
		};
		DE12ED7322101CAE008DFBFB /* Release */ = {
			isa = XCBuildConfiguration;
			buildSettings = {
				ALWAYS_EMBED_SWIFT_STANDARD_LIBRARIES = YES;
				CODE_SIGN_STYLE = Automatic;
				DEVELOPMENT_TEAM = S5BF5553KY;
				INFOPLIST_FILE = ScrollingTabAnimationContentsUITests/Info.plist;
				LD_RUNPATH_SEARCH_PATHS = (
					"$(inherited)",
					"@executable_path/Frameworks",
					"@loader_path/Frameworks",
				);
				PRODUCT_BUNDLE_IDENTIFIER = com.just1factory.ScrollingTabAnimationContentsUITests;
				PRODUCT_NAME = "$(TARGET_NAME)";
				SWIFT_VERSION = 4.2;
				TARGETED_DEVICE_FAMILY = "1,2";
				TEST_TARGET_NAME = ScrollingTabAnimationContents;
			};
			name = Release;
		};
/* End XCBuildConfiguration section */

/* Begin XCConfigurationList section */
		DE12ED3E22101CAC008DFBFB /* Build configuration list for PBXProject "ScrollingTabAnimationContents" */ = {
			isa = XCConfigurationList;
			buildConfigurations = (
				DE12ED6922101CAE008DFBFB /* Debug */,
				DE12ED6A22101CAE008DFBFB /* Release */,
			);
			defaultConfigurationIsVisible = 0;
			defaultConfigurationName = Release;
		};
		DE12ED6B22101CAE008DFBFB /* Build configuration list for PBXNativeTarget "ScrollingTabAnimationContents" */ = {
			isa = XCConfigurationList;
			buildConfigurations = (
				DE12ED6C22101CAE008DFBFB /* Debug */,
				DE12ED6D22101CAE008DFBFB /* Release */,
			);
			defaultConfigurationIsVisible = 0;
			defaultConfigurationName = Release;
		};
		DE12ED6E22101CAE008DFBFB /* Build configuration list for PBXNativeTarget "ScrollingTabAnimationContentsTests" */ = {
			isa = XCConfigurationList;
			buildConfigurations = (
				DE12ED6F22101CAE008DFBFB /* Debug */,
				DE12ED7022101CAE008DFBFB /* Release */,
			);
			defaultConfigurationIsVisible = 0;
			defaultConfigurationName = Release;
		};
		DE12ED7122101CAE008DFBFB /* Build configuration list for PBXNativeTarget "ScrollingTabAnimationContentsUITests" */ = {
			isa = XCConfigurationList;
			buildConfigurations = (
				DE12ED7222101CAE008DFBFB /* Debug */,
				DE12ED7322101CAE008DFBFB /* Release */,
			);
			defaultConfigurationIsVisible = 0;
			defaultConfigurationName = Release;
		};
/* End XCConfigurationList section */
	};
	rootObject = DE12ED3B22101CAC008DFBFB /* Project object */;
}
