PODS:
  - Alamofire (4.8.1)
  - AnimatedCollectionViewLayout (0.5.0)
  - DeckTransition (2.1.0)
  - FLAnimatedImage (1.0.12)
  - FloatingPanel (1.3.3)
  - FontAwesome.swift (1.5.0)
  - PINCache (2.3)
  - PINRemoteImage (2.1.4):
    - PINRemoteImage/FLAnimatedImage (= 2.1.4)
  - PINRemoteImage/Core (2.1.4):
    - PINCache (>= 2.1)
  - PINRemoteImage/FLAnimatedImage (2.1.4):
    - FLAnimatedImage (>= 1.0)
    - PINRemoteImage/Core
  - PinterestSegment (1.2.3)
  - PromiseKit (6.8.3):
    - PromiseKit/CorePromise (= 6.8.3)
    - PromiseKit/Foundation (= 6.8.3)
    - PromiseKit/UIKit (= 6.8.3)
  - PromiseKit/CorePromise (6.8.3)
  - PromiseKit/Foundation (6.8.3):
    - PromiseKit/CorePromise
  - PromiseKit/UIKit (6.8.3):
    - PromiseKit/CorePromise
  - SkeletonView (1.4.1)
  - View2ViewTransition (1.2.0)
  - YNDropDownMenu (3.0.4)

DEPENDENCIES:
  - Alamofire
  - AnimatedCollectionViewLayout
  - DeckTransition
  - FloatingPanel
  - FontAwesome.swift
  - PINRemoteImage
  - PinterestSegment
  - PromiseKit
  - SkeletonView
  - View2ViewTransition
  - YNDropDownMenu

SPEC REPOS:
  https://github.com/cocoapods/specs.git:
    - Alamofire
    - AnimatedCollectionViewLayout
    - DeckTransition
    - FLAnimatedImage
    - FloatingPanel
    - FontAwesome.swift
    - PINCache
    - PINRemoteImage
    - PinterestSegment
    - PromiseKit
    - SkeletonView
    - View2ViewTransition
    - YNDropDownMenu

SPEC CHECKSUMS:
  Alamofire: 16ce2c353fb72865124ddae8a57c5942388f4f11
  AnimatedCollectionViewLayout: 8b660a623d85001f76f00f0d2302a7b043c72bda
  DeckTransition: ca707456e3d83928c895fed6f458cbf68c5cac84
  FLAnimatedImage: 4a0b56255d9b05f18b6dd7ee06871be5d3b89e31
  FloatingPanel: f7aaa8fe66a92a518f2038dcc94673543b2f2323
  FontAwesome.swift: 55291c7a334ffacf9b62793d27c14014ec09a11b
  PINCache: ce36ed282031b92fc7733ffe831f474ff80fddc2
  PINRemoteImage: 4ac4011c5caefd6befd99758e09becede05d3226
  PinterestSegment: 3dd673ffd9feb00dc7816bb1e503d70459e8eaa8
  PromiseKit: 94c6e781838c5bf4717677d0d882b0e7250c80fc
  SkeletonView: 60d6ce7edb0cb4c7758db33c74add50392b3c475
  View2ViewTransition: b37145e3aaba1315cb214da240978e6865e8f48d
  YNDropDownMenu: dbdc5558c845c28c7f55cf8c6bb36d2dce852e4f

PODFILE CHECKSUM: c5d6d9d8d1ed74589bbfb111ea8a4e17f2ca93b0

COCOAPODS: 1.6.0
