PODS:
  - AnimatedCollectionViewLayout (1.0.1)
  - ARNTransitionAnimator (3.2.0)
  - Cosmos (20.0.1)
  - DeckTransition (2.2.0)
  - FloatingPanel (1.7.1)
  - FontAwesome.swift (1.8.2)
  - PINCache (3.0.1-beta.7):
    - PINCache/Arc-exception-safe (= 3.0.1-beta.7)
    - PINCache/Core (= 3.0.1-beta.7)
  - PINCache/Arc-exception-safe (3.0.1-beta.7):
    - PINCache/Core
  - PINCache/Core (3.0.1-beta.7):
    - PINOperation (~> 1.1.1)
  - PINOperation (1.1.2)
  - PINRemoteImage (3.0.0-beta.14):
    - PINRemoteImage/PINCache (= 3.0.0-beta.14)
  - PINRemoteImage/Core (3.0.0-beta.14):
    - PINOperation
  - PINRemoteImage/PINCache (3.0.0-beta.14):
    - PINCache (= 3.0.1-beta.7)
    - PINRemoteImage/Core
  - PinterestSegment (1.2.3)
  - SkeletonView (1.8.2)

DEPENDENCIES:
  - AnimatedCollectionViewLayout
  - ARNTransitionAnimator
  - Cosmos
  - DeckTransition
  - FloatingPanel
  - FontAwesome.swift
  - PINRemoteImage (= 3.0.0-beta.14)
  - PinterestSegment
  - SkeletonView

SPEC REPOS:
  trunk:
    - AnimatedCollectionViewLayout
    - ARNTransitionAnimator
    - Cosmos
    - DeckTransition
    - FloatingPanel
    - FontAwesome.swift
    - PINCache
    - PINOperation
    - PINRemoteImage
    - PinterestSegment
    - SkeletonView

SPEC CHECKSUMS:
  AnimatedCollectionViewLayout: 00f0997fd26f0fd02d8b99765023b95570b5d826
  ARNTransitionAnimator: 6fea1fe318b251abfd3cbd06d91215deb374ae40
  Cosmos: b47fddf2102bb48580cd3025d9ce0a5c658a65da
  DeckTransition: c705e1f6bf8d63a3515a91d8a41be7038005bf35
  FloatingPanel: 2f87246071476cf05d77ba3f50a373ca4b04549e
  FontAwesome.swift: 7938d6a03113ff3f39001bde7f50be8a0903d605
  PINCache: 7cb9ae068c8f655717f7c644ef1dff9fd573e979
  PINOperation: 24b774353ca248fcf87d67b2d61eef42087c125a
  PINRemoteImage: 81bbff853acc71c6de9e106e9e489a791b8bbb08
  PinterestSegment: 3dd673ffd9feb00dc7816bb1e503d70459e8eaa8
  SkeletonView: bb27c39857e5492136f02ee8a3aa78de55d12ecd

PODFILE CHECKSUM: d989519409bf1aa2db3596dc29631f00bd7a00fe

COCOAPODS: 1.8.4
